
Microsoft Visual Studio Solution File, Format Version 12.00
# Visual Studio 15
VisualStudioVersion = 15.0.28307.168
MinimumVisualStudioVersion = 10.0.40219.1
Project("{FAE04EC0-301F-11D3-BF4B-00C04F79EFBC}") = "DevShop", "DevShop\DevShop.csproj", "{D2C3031D-EA3D-43B3-9568-8485481F64C4}"
EndProject
Global
	GlobalSection(SolutionConfigurationPlatforms) = preSolution
		Debug|Any CPU = Debug|Any CPU
		Release|Any CPU = Release|Any CPU
	EndGlobalSection
	GlobalSection(ProjectConfigurationPlatforms) = postSolution
		{D2C3031D-EA3D-43B3-9568-8485481F64C4}.Debug|Any CPU.ActiveCfg = Debug|Any CPU
		{D2C3031D-EA3D-43B3-9568-8485481F64C4}.Debug|Any CPU.Build.0 = Debug|Any CPU
		{D2C3031D-EA3D-43B3-9568-8485481F64C4}.Release|Any CPU.ActiveCfg = Release|Any CPU
		{D2C3031D-EA3D-43B3-9568-8485481F64C4}.Release|Any CPU.Build.0 = Release|Any CPU
	EndGlobalSection
	GlobalSection(SolutionProperties) = preSolution
		HideSolutionNode = FALSE
	EndGlobalSection
	GlobalSection(ExtensibilityGlobals) = postSolution
		SolutionGuid = {6DACB947-6D99-414D-89EA-AD2085DC8C71}
	EndGlobalSection
EndGlobal
